
Microsoft Visual Studio Solution File, Format Version 12.00
# Visual Studio 15
Project("{FAE04EC0-301F-11D3-BF4B-00C04F79EFBC}") = "Assembly-CSharp", "Assembly-CSharp.csproj", "{8936B007-BE45-E92D-3406-8AFDEFF47FE0}"
EndProject
Project("{FAE04EC0-301F-11D3-BF4B-00C04F79EFBC}") = "Assembly-CSharp-firstpass", "Assembly-CSharp-firstpass.csproj", "{3082AE25-4BF3-BF10-5F4D-77CD2D17DF2E}"
EndProject
Project("{FAE04EC0-301F-11D3-BF4B-00C04F79EFBC}") = "Assembly-CSharp-Editor-firstpass", "Assembly-CSharp-Editor-firstpass.csproj", "{20B85FF4-4254-8CF2-4C98-90FF90E48E63}"
EndProject
Global
	GlobalSection(SolutionConfigurationPlatforms) = preSolution
		Debug|Any CPU = Debug|Any CPU
		Release|Any CPU = Release|Any CPU
	EndGlobalSection
	GlobalSection(ProjectConfigurationPlatforms) = postSolution
		{8936B007-BE45-E92D-3406-8AFDEFF47FE0}.Debug|Any CPU.ActiveCfg = Debug|Any CPU
		{8936B007-BE45-E92D-3406-8AFDEFF47FE0}.Debug|Any CPU.Build.0 = Debug|Any CPU
		{8936B007-BE45-E92D-3406-8AFDEFF47FE0}.Release|Any CPU.ActiveCfg = Release|Any CPU
		{8936B007-BE45-E92D-3406-8AFDEFF47FE0}.Release|Any CPU.Build.0 = Release|Any CPU
		{3082AE25-4BF3-BF10-5F4D-77CD2D17DF2E}.Debug|Any CPU.ActiveCfg = Debug|Any CPU
		{3082AE25-4BF3-BF10-5F4D-77CD2D17DF2E}.Debug|Any CPU.Build.0 = Debug|Any CPU
		{3082AE25-4BF3-BF10-5F4D-77CD2D17DF2E}.Release|Any CPU.ActiveCfg = Release|Any CPU
		{3082AE25-4BF3-BF10-5F4D-77CD2D17DF2E}.Release|Any CPU.Build.0 = Release|Any CPU
		{20B85FF4-4254-8CF2-4C98-90FF90E48E63}.Debug|Any CPU.ActiveCfg = Debug|Any CPU
		{20B85FF4-4254-8CF2-4C98-90FF90E48E63}.Debug|Any CPU.Build.0 = Debug|Any CPU
		{20B85FF4-4254-8CF2-4C98-90FF90E48E63}.Release|Any CPU.ActiveCfg = Release|Any CPU
		{20B85FF4-4254-8CF2-4C98-90FF90E48E63}.Release|Any CPU.Build.0 = Release|Any CPU
	EndGlobalSection
	GlobalSection(SolutionProperties) = preSolution
		HideSolutionNode = FALSE
	EndGlobalSection
EndGlobal
