
Microsoft Visual Studio Solution File, Format Version 12.00
# Visual Studio 15
Project("{FAE04EC0-301F-11D3-BF4B-00C04F79EFBC}") = "Assembly-CSharp", "Assembly-CSharp.csproj", "{030B6913-CBB1-EC99-13B3-A37C5CDB48BE}"
EndProject
Project("{FAE04EC0-301F-11D3-BF4B-00C04F79EFBC}") = "Assembly-CSharp-Editor", "Assembly-CSharp-Editor.csproj", "{A6F8F823-572F-C5DB-FA2F-1207E2088706}"
EndProject
Global
	GlobalSection(SolutionConfigurationPlatforms) = preSolution
		Debug|Any CPU = Debug|Any CPU
		Release|Any CPU = Release|Any CPU
	EndGlobalSection
	GlobalSection(ProjectConfigurationPlatforms) = postSolution
		{030B6913-CBB1-EC99-13B3-A37C5CDB48BE}.Debug|Any CPU.ActiveCfg = Debug|Any CPU
		{030B6913-CBB1-EC99-13B3-A37C5CDB48BE}.Debug|Any CPU.Build.0 = Debug|Any CPU
		{030B6913-CBB1-EC99-13B3-A37C5CDB48BE}.Release|Any CPU.ActiveCfg = Release|Any CPU
		{030B6913-CBB1-EC99-13B3-A37C5CDB48BE}.Release|Any CPU.Build.0 = Release|Any CPU
		{A6F8F823-572F-C5DB-FA2F-1207E2088706}.Debug|Any CPU.ActiveCfg = Debug|Any CPU
		{A6F8F823-572F-C5DB-FA2F-1207E2088706}.Debug|Any CPU.Build.0 = Debug|Any CPU
		{A6F8F823-572F-C5DB-FA2F-1207E2088706}.Release|Any CPU.ActiveCfg = Release|Any CPU
		{A6F8F823-572F-C5DB-FA2F-1207E2088706}.Release|Any CPU.Build.0 = Release|Any CPU
	EndGlobalSection
	GlobalSection(SolutionProperties) = preSolution
		HideSolutionNode = FALSE
	EndGlobalSection
EndGlobal
